
Microsoft Visual Studio Solution File, Format Version 12.00
# Visual Studio Version 16
VisualStudioVersion = 16.0.31112.23
MinimumVisualStudioVersion = 10.0.40219.1
Project("{9A19103F-16F7-4668-BE54-9A1E7A4F7556}") = "SEDC.CSharpOop.Class06HomeworkF", "SEDC.CSharpOop.Class06HomeworkF\SEDC.CSharpOop.Class06HomeworkF.csproj", "{A74D8D23-FE79-4EEB-B68E-C5B4FEA35493}"
EndProject
Global
	GlobalSection(SolutionConfigurationPlatforms) = preSolution
		Debug|Any CPU = Debug|Any CPU
		Release|Any CPU = Release|Any CPU
	EndGlobalSection
	GlobalSection(ProjectConfigurationPlatforms) = postSolution
		{A74D8D23-FE79-4EEB-B68E-C5B4FEA35493}.Debug|Any CPU.ActiveCfg = Debug|Any CPU
		{A74D8D23-FE79-4EEB-B68E-C5B4FEA35493}.Debug|Any CPU.Build.0 = Debug|Any CPU
		{A74D8D23-FE79-4EEB-B68E-C5B4FEA35493}.Release|Any CPU.ActiveCfg = Release|Any CPU
		{A74D8D23-FE79-4EEB-B68E-C5B4FEA35493}.Release|Any CPU.Build.0 = Release|Any CPU
	EndGlobalSection
	GlobalSection(SolutionProperties) = preSolution
		HideSolutionNode = FALSE
	EndGlobalSection
	GlobalSection(ExtensibilityGlobals) = postSolution
		SolutionGuid = {AC1951C7-96AE-40A7-8428-D08F50C1CE46}
	EndGlobalSection
EndGlobal
